
Microsoft Visual Studio Solution File, Format Version 12.00
# Visual Studio 2013
VisualStudioVersion = 12.0.21005.1
MinimumVisualStudioVersion = 10.0.40219.1
Project("{FAE04EC0-301F-11D3-BF4B-00C04F79EFBC}") = "Day1", "Day1\Day1.csproj", "{A7C4FA18-992F-42E8-909B-D8783FE707C6}"
EndProject
Project("{FAE04EC0-301F-11D3-BF4B-00C04F79EFBC}") = "Day2", "Day2\Day2.csproj", "{98565DE6-D666-46B0-9C70-50FEB342D18A}"
EndProject
Project("{FAE04EC0-301F-11D3-BF4B-00C04F79EFBC}") = "Day3", "Day3\Day3.csproj", "{373E1090-4B28-49A0-9917-DE88A7D8275A}"
EndProject
Project("{FAE04EC0-301F-11D3-BF4B-00C04F79EFBC}") = "Day4", "Day4\Day4.csproj", "{91925450-784E-449B-A85B-76FBDC9A18C5}"
EndProject
Project("{FAE04EC0-301F-11D3-BF4B-00C04F79EFBC}") = "Day5", "Day5\Day5.csproj", "{A7D29D7E-0A8F-4F10-BF07-F84B03E1BE2D}"
EndProject
Project("{FAE04EC0-301F-11D3-BF4B-00C04F79EFBC}") = "Day6", "Day6\Day6.csproj", "{B5638F89-AA6C-41AA-AA91-38F2FF3398A5}"
EndProject
Project("{FAE04EC0-301F-11D3-BF4B-00C04F79EFBC}") = "Day16", "Day16\Day16.csproj", "{84F74672-92B5-4321-8A78-C6D7FD97914A}"
EndProject
Project("{FAE04EC0-301F-11D3-BF4B-00C04F79EFBC}") = "Day17", "Day17\Day17.csproj", "{225F5350-8296-4801-9A89-79529058F276}"
EndProject
Project("{FAE04EC0-301F-11D3-BF4B-00C04F79EFBC}") = "Day18", "Day18\Day18.csproj", "{C70ED6F5-CF29-417A-87D1-507396FCED7C}"
EndProject
Project("{FAE04EC0-301F-11D3-BF4B-00C04F79EFBC}") = "Day7", "Day7\Day7.csproj", "{41DECC89-EEAD-45BE-B1A7-6995A02749CD}"
EndProject
Project("{FAE04EC0-301F-11D3-BF4B-00C04F79EFBC}") = "Day23", "Day23\Day23.csproj", "{4E296C0B-B058-4668-A17D-433060B7D687}"
EndProject
Global
	GlobalSection(SolutionConfigurationPlatforms) = preSolution
		Debug|Any CPU = Debug|Any CPU
		Release|Any CPU = Release|Any CPU
	EndGlobalSection
	GlobalSection(ProjectConfigurationPlatforms) = postSolution
		{A7C4FA18-992F-42E8-909B-D8783FE707C6}.Debug|Any CPU.ActiveCfg = Debug|Any CPU
		{A7C4FA18-992F-42E8-909B-D8783FE707C6}.Debug|Any CPU.Build.0 = Debug|Any CPU
		{A7C4FA18-992F-42E8-909B-D8783FE707C6}.Release|Any CPU.ActiveCfg = Release|Any CPU
		{A7C4FA18-992F-42E8-909B-D8783FE707C6}.Release|Any CPU.Build.0 = Release|Any CPU
		{98565DE6-D666-46B0-9C70-50FEB342D18A}.Debug|Any CPU.ActiveCfg = Debug|Any CPU
		{98565DE6-D666-46B0-9C70-50FEB342D18A}.Debug|Any CPU.Build.0 = Debug|Any CPU
		{98565DE6-D666-46B0-9C70-50FEB342D18A}.Release|Any CPU.ActiveCfg = Release|Any CPU
		{98565DE6-D666-46B0-9C70-50FEB342D18A}.Release|Any CPU.Build.0 = Release|Any CPU
		{373E1090-4B28-49A0-9917-DE88A7D8275A}.Debug|Any CPU.ActiveCfg = Debug|Any CPU
		{373E1090-4B28-49A0-9917-DE88A7D8275A}.Debug|Any CPU.Build.0 = Debug|Any CPU
		{373E1090-4B28-49A0-9917-DE88A7D8275A}.Release|Any CPU.ActiveCfg = Release|Any CPU
		{373E1090-4B28-49A0-9917-DE88A7D8275A}.Release|Any CPU.Build.0 = Release|Any CPU
		{91925450-784E-449B-A85B-76FBDC9A18C5}.Debug|Any CPU.ActiveCfg = Debug|Any CPU
		{91925450-784E-449B-A85B-76FBDC9A18C5}.Debug|Any CPU.Build.0 = Debug|Any CPU
		{91925450-784E-449B-A85B-76FBDC9A18C5}.Release|Any CPU.ActiveCfg = Release|Any CPU
		{91925450-784E-449B-A85B-76FBDC9A18C5}.Release|Any CPU.Build.0 = Release|Any CPU
		{A7D29D7E-0A8F-4F10-BF07-F84B03E1BE2D}.Debug|Any CPU.ActiveCfg = Debug|Any CPU
		{A7D29D7E-0A8F-4F10-BF07-F84B03E1BE2D}.Debug|Any CPU.Build.0 = Debug|Any CPU
		{A7D29D7E-0A8F-4F10-BF07-F84B03E1BE2D}.Release|Any CPU.ActiveCfg = Release|Any CPU
		{A7D29D7E-0A8F-4F10-BF07-F84B03E1BE2D}.Release|Any CPU.Build.0 = Release|Any CPU
		{B5638F89-AA6C-41AA-AA91-38F2FF3398A5}.Debug|Any CPU.ActiveCfg = Debug|Any CPU
		{B5638F89-AA6C-41AA-AA91-38F2FF3398A5}.Debug|Any CPU.Build.0 = Debug|Any CPU
		{B5638F89-AA6C-41AA-AA91-38F2FF3398A5}.Release|Any CPU.ActiveCfg = Release|Any CPU
		{B5638F89-AA6C-41AA-AA91-38F2FF3398A5}.Release|Any CPU.Build.0 = Release|Any CPU
		{84F74672-92B5-4321-8A78-C6D7FD97914A}.Debug|Any CPU.ActiveCfg = Debug|Any CPU
		{84F74672-92B5-4321-8A78-C6D7FD97914A}.Debug|Any CPU.Build.0 = Debug|Any CPU
		{84F74672-92B5-4321-8A78-C6D7FD97914A}.Release|Any CPU.ActiveCfg = Release|Any CPU
		{84F74672-92B5-4321-8A78-C6D7FD97914A}.Release|Any CPU.Build.0 = Release|Any CPU
		{225F5350-8296-4801-9A89-79529058F276}.Debug|Any CPU.ActiveCfg = Debug|Any CPU
		{225F5350-8296-4801-9A89-79529058F276}.Debug|Any CPU.Build.0 = Debug|Any CPU
		{225F5350-8296-4801-9A89-79529058F276}.Release|Any CPU.ActiveCfg = Release|Any CPU
		{225F5350-8296-4801-9A89-79529058F276}.Release|Any CPU.Build.0 = Release|Any CPU
		{C70ED6F5-CF29-417A-87D1-507396FCED7C}.Debug|Any CPU.ActiveCfg = Debug|Any CPU
		{C70ED6F5-CF29-417A-87D1-507396FCED7C}.Debug|Any CPU.Build.0 = Debug|Any CPU
		{C70ED6F5-CF29-417A-87D1-507396FCED7C}.Release|Any CPU.ActiveCfg = Release|Any CPU
		{C70ED6F5-CF29-417A-87D1-507396FCED7C}.Release|Any CPU.Build.0 = Release|Any CPU
		{41DECC89-EEAD-45BE-B1A7-6995A02749CD}.Debug|Any CPU.ActiveCfg = Debug|Any CPU
		{41DECC89-EEAD-45BE-B1A7-6995A02749CD}.Debug|Any CPU.Build.0 = Debug|Any CPU
		{41DECC89-EEAD-45BE-B1A7-6995A02749CD}.Release|Any CPU.ActiveCfg = Release|Any CPU
		{41DECC89-EEAD-45BE-B1A7-6995A02749CD}.Release|Any CPU.Build.0 = Release|Any CPU
		{4E296C0B-B058-4668-A17D-433060B7D687}.Debug|Any CPU.ActiveCfg = Debug|Any CPU
		{4E296C0B-B058-4668-A17D-433060B7D687}.Debug|Any CPU.Build.0 = Debug|Any CPU
		{4E296C0B-B058-4668-A17D-433060B7D687}.Release|Any CPU.ActiveCfg = Release|Any CPU
		{4E296C0B-B058-4668-A17D-433060B7D687}.Release|Any CPU.Build.0 = Release|Any CPU
	EndGlobalSection
	GlobalSection(SolutionProperties) = preSolution
		HideSolutionNode = FALSE
	EndGlobalSection
EndGlobal
